// !$*UTF8*$!
{
	archiveVersion = 1;
	classes = {
	};
	objectVersion = 50;
	objects = {

/* Begin PBXBuildFile section */
		1901F282262B05C80093A2F7 /* Bridge.swift in Sources */ = {isa = PBXBuildFile; fileRef = 1901F281262B05C80093A2F7 /* Bridge.swift */; };
		193B5BFF261C908B005F5A9D /* Builder.swift in Sources */ = {isa = PBXBuildFile; fileRef = 193B5BFE261C908B005F5A9D /* Builder.swift */; };
		1965AF44265E82B500A95E37 /* Facade.swift in Sources */ = {isa = PBXBuildFile; fileRef = 1965AF43265E82B500A95E37 /* Facade.swift */; };
		198AAC482653F75F001E1068 /* Decorator.swift in Sources */ = {isa = PBXBuildFile; fileRef = 198AAC472653F75F001E1068 /* Decorator.swift */; };
		19A633FD2614AC45008F0CAF /* main.swift in Sources */ = {isa = PBXBuildFile; fileRef = 19A633FC2614AC45008F0CAF /* main.swift */; };
		19A634072614AC58008F0CAF /* FactroyMethod.swift in Sources */ = {isa = PBXBuildFile; fileRef = 19A634062614AC58008F0CAF /* FactroyMethod.swift */; };
		19A6340A2614ACAF008F0CAF /* AbstractFactroy.swift in Sources */ = {isa = PBXBuildFile; fileRef = 19A634092614ACAF008F0CAF /* AbstractFactroy.swift */; };
		19BFB0EB2639982400E36BEE /* Composite.swift in Sources */ = {isa = PBXBuildFile; fileRef = 19BFB0EA2639982300E36BEE /* Composite.swift */; };
/* End PBXBuildFile section */

/* Begin PBXCopyFilesBuildPhase section */
		19A633F72614AC45008F0CAF /* CopyFiles */ = {
			isa = PBXCopyFilesBuildPhase;
			buildActionMask = 2147483647;
			dstPath = /usr/share/man/man1/;
			dstSubfolderSpec = 0;
			files = (
			);
			runOnlyForDeploymentPostprocessing = 1;
		};
/* End PBXCopyFilesBuildPhase section */

/* Begin PBXFileReference section */
		1901F281262B05C80093A2F7 /* Bridge.swift */ = {isa = PBXFileReference; lastKnownFileType = sourcecode.swift; path = Bridge.swift; sourceTree = "<group>"; };
		193B5BFE261C908B005F5A9D /* Builder.swift */ = {isa = PBXFileReference; lastKnownFileType = sourcecode.swift; path = Builder.swift; sourceTree = "<group>"; };
		1965AF43265E82B500A95E37 /* Facade.swift */ = {isa = PBXFileReference; lastKnownFileType = sourcecode.swift; path = Facade.swift; sourceTree = "<group>"; };
		198AAC472653F75F001E1068 /* Decorator.swift */ = {isa = PBXFileReference; lastKnownFileType = sourcecode.swift; path = Decorator.swift; sourceTree = "<group>"; };
		19A633F92614AC45008F0CAF /* codeDesign */ = {isa = PBXFileReference; explicitFileType = "compiled.mach-o.executable"; includeInIndex = 0; path = codeDesign; sourceTree = BUILT_PRODUCTS_DIR; };
		19A633FC2614AC45008F0CAF /* main.swift */ = {isa = PBXFileReference; lastKnownFileType = sourcecode.swift; path = main.swift; sourceTree = "<group>"; };
		19A634062614AC58008F0CAF /* FactroyMethod.swift */ = {isa = PBXFileReference; lastKnownFileType = sourcecode.swift; path = FactroyMethod.swift; sourceTree = "<group>"; };
		19A634092614ACAF008F0CAF /* AbstractFactroy.swift */ = {isa = PBXFileReference; lastKnownFileType = sourcecode.swift; path = AbstractFactroy.swift; sourceTree = "<group>"; };
		19BFB0EA2639982300E36BEE /* Composite.swift */ = {isa = PBXFileReference; lastKnownFileType = sourcecode.swift; path = Composite.swift; sourceTree = "<group>"; };
/* End PBXFileReference section */

/* Begin PBXFrameworksBuildPhase section */
		19A633F62614AC45008F0CAF /* Frameworks */ = {
			isa = PBXFrameworksBuildPhase;
			buildActionMask = 2147483647;
			files = (
			);
			runOnlyForDeploymentPostprocessing = 0;
		};
/* End PBXFrameworksBuildPhase section */

/* Begin PBXGroup section */
		198AAC452653F1B7001E1068 /* Structure */ = {
			isa = PBXGroup;
			children = (
				1901F281262B05C80093A2F7 /* Bridge.swift */,
				19BFB0EA2639982300E36BEE /* Composite.swift */,
				198AAC472653F75F001E1068 /* Decorator.swift */,
				1965AF43265E82B500A95E37 /* Facade.swift */,
			);
			path = Structure;
			sourceTree = "<group>";
		};
		19A633F02614AC45008F0CAF = {
			isa = PBXGroup;
			children = (
				19A633FB2614AC45008F0CAF /* codeDesign */,
				19A633FA2614AC45008F0CAF /* Products */,
			);
			sourceTree = "<group>";
		};
		19A633FA2614AC45008F0CAF /* Products */ = {
			isa = PBXGroup;
			children = (
				19A633F92614AC45008F0CAF /* codeDesign */,
			);
			name = Products;
			sourceTree = "<group>";
		};
		19A633FB2614AC45008F0CAF /* codeDesign */ = {
			isa = PBXGroup;
			children = (
				198AAC452653F1B7001E1068 /* Structure */,
				19A634042614AC4B008F0CAF /* Creation */,
				19A633FC2614AC45008F0CAF /* main.swift */,
			);
			path = codeDesign;
			sourceTree = "<group>";
		};
		19A634042614AC4B008F0CAF /* Creation */ = {
			isa = PBXGroup;
			children = (
				19A634062614AC58008F0CAF /* FactroyMethod.swift */,
				19A634092614ACAF008F0CAF /* AbstractFactroy.swift */,
				193B5BFE261C908B005F5A9D /* Builder.swift */,
			);
			path = Creation;
			sourceTree = "<group>";
		};
/* End PBXGroup section */

/* Begin PBXNativeTarget section */
		19A633F82614AC45008F0CAF /* codeDesign */ = {
			isa = PBXNativeTarget;
			buildConfigurationList = 19A634002614AC45008F0CAF /* Build configuration list for PBXNativeTarget "codeDesign" */;
			buildPhases = (
				19A633F52614AC45008F0CAF /* Sources */,
				19A633F62614AC45008F0CAF /* Frameworks */,
				19A633F72614AC45008F0CAF /* CopyFiles */,
			);
			buildRules = (
			);
			dependencies = (
			);
			name = codeDesign;
			productName = codeDesign;
			productReference = 19A633F92614AC45008F0CAF /* codeDesign */;
			productType = "com.apple.product-type.tool";
		};
/* End PBXNativeTarget section */

/* Begin PBXProject section */
		19A633F12614AC45008F0CAF /* Project object */ = {
			isa = PBXProject;
			attributes = {
				LastSwiftUpdateCheck = 1240;
				LastUpgradeCheck = 1240;
				TargetAttributes = {
					19A633F82614AC45008F0CAF = {
						CreatedOnToolsVersion = 12.4;
					};
				};
			};
			buildConfigurationList = 19A633F42614AC45008F0CAF /* Build configuration list for PBXProject "codeDesign" */;
			compatibilityVersion = "Xcode 9.3";
			developmentRegion = en;
			hasScannedForEncodings = 0;
			knownRegions = (
				en,
				Base,
			);
			mainGroup = 19A633F02614AC45008F0CAF;
			productRefGroup = 19A633FA2614AC45008F0CAF /* Products */;
			projectDirPath = "";
			projectRoot = "";
			targets = (
				19A633F82614AC45008F0CAF /* codeDesign */,
			);
		};
/* End PBXProject section */

/* Begin PBXSourcesBuildPhase section */
		19A633F52614AC45008F0CAF /* Sources */ = {
			isa = PBXSourcesBuildPhase;
			buildActionMask = 2147483647;
			files = (
				1901F282262B05C80093A2F7 /* Bridge.swift in Sources */,
				19BFB0EB2639982400E36BEE /* Composite.swift in Sources */,
				19A633FD2614AC45008F0CAF /* main.swift in Sources */,
				1965AF44265E82B500A95E37 /* Facade.swift in Sources */,
				19A634072614AC58008F0CAF /* FactroyMethod.swift in Sources */,
				19A6340A2614ACAF008F0CAF /* AbstractFactroy.swift in Sources */,
				193B5BFF261C908B005F5A9D /* Builder.swift in Sources */,
				198AAC482653F75F001E1068 /* Decorator.swift in Sources */,
			);
			runOnlyForDeploymentPostprocessing = 0;
		};
/* End PBXSourcesBuildPhase section */

/* Begin XCBuildConfiguration section */
		19A633FE2614AC45008F0CAF /* Debug */ = {
			isa = XCBuildConfiguration;
			buildSettings = {
				ALWAYS_SEARCH_USER_PATHS = NO;
				CLANG_ANALYZER_NONNULL = YES;
				CLANG_ANALYZER_NUMBER_OBJECT_CONVERSION = YES_AGGRESSIVE;
				CLANG_CXX_LANGUAGE_STANDARD = "gnu++14";
				CLANG_CXX_LIBRARY = "libc++";
				CLANG_ENABLE_MODULES = YES;
				CLANG_ENABLE_OBJC_ARC = YES;
				CLANG_ENABLE_OBJC_WEAK = YES;
				CLANG_WARN_BLOCK_CAPTURE_AUTORELEASING = YES;
				CLANG_WARN_BOOL_CONVERSION = YES;
				CLANG_WARN_COMMA = YES;
				CLANG_WARN_CONSTANT_CONVERSION = YES;
				CLANG_WARN_DEPRECATED_OBJC_IMPLEMENTATIONS = YES;
				CLANG_WARN_DIRECT_OBJC_ISA_USAGE = YES_ERROR;
				CLANG_WARN_DOCUMENTATION_COMMENTS = YES;
				CLANG_WARN_EMPTY_BODY = YES;
				CLANG_WARN_ENUM_CONVERSION = YES;
				CLANG_WARN_INFINITE_RECURSION = YES;
				CLANG_WARN_INT_CONVERSION = YES;
				CLANG_WARN_NON_LITERAL_NULL_CONVERSION = YES;
				CLANG_WARN_OBJC_IMPLICIT_RETAIN_SELF = YES;
				CLANG_WARN_OBJC_LITERAL_CONVERSION = YES;
				CLANG_WARN_OBJC_ROOT_CLASS = YES_ERROR;
				CLANG_WARN_QUOTED_INCLUDE_IN_FRAMEWORK_HEADER = YES;
				CLANG_WARN_RANGE_LOOP_ANALYSIS = YES;
				CLANG_WARN_STRICT_PROTOTYPES = YES;
				CLANG_WARN_SUSPICIOUS_MOVE = YES;
				CLANG_WARN_UNGUARDED_AVAILABILITY = YES_AGGRESSIVE;
				CLANG_WARN_UNREACHABLE_CODE = YES;
				CLANG_WARN__DUPLICATE_METHOD_MATCH = YES;
				COPY_PHASE_STRIP = NO;
				DEBUG_INFORMATION_FORMAT = dwarf;
				ENABLE_STRICT_OBJC_MSGSEND = YES;
				ENABLE_TESTABILITY = YES;
				GCC_C_LANGUAGE_STANDARD = gnu11;
				GCC_DYNAMIC_NO_PIC = NO;
				GCC_NO_COMMON_BLOCKS = YES;
				GCC_OPTIMIZATION_LEVEL = 0;
				GCC_PREPROCESSOR_DEFINITIONS = (
					"DEBUG=1",
					"$(inherited)",
				);
				GCC_WARN_64_TO_32_BIT_CONVERSION = YES;
				GCC_WARN_ABOUT_RETURN_TYPE = YES_ERROR;
				GCC_WARN_UNDECLARED_SELECTOR = YES;
				GCC_WARN_UNINITIALIZED_AUTOS = YES_AGGRESSIVE;
				GCC_WARN_UNUSED_FUNCTION = YES;
				GCC_WARN_UNUSED_VARIABLE = YES;
				MACOSX_DEPLOYMENT_TARGET = 10.15;
				MTL_ENABLE_DEBUG_INFO = INCLUDE_SOURCE;
				MTL_FAST_MATH = YES;
				ONLY_ACTIVE_ARCH = YES;
				SDKROOT = macosx;
				SWIFT_ACTIVE_COMPILATION_CONDITIONS = DEBUG;
				SWIFT_OPTIMIZATION_LEVEL = "-Onone";
			};
			name = Debug;
		};
		19A633FF2614AC45008F0CAF /* Release */ = {
			isa = XCBuildConfiguration;
			buildSettings = {
				ALWAYS_SEARCH_USER_PATHS = NO;
				CLANG_ANALYZER_NONNULL = YES;
				CLANG_ANALYZER_NUMBER_OBJECT_CONVERSION = YES_AGGRESSIVE;
				CLANG_CXX_LANGUAGE_STANDARD = "gnu++14";
				CLANG_CXX_LIBRARY = "libc++";
				CLANG_ENABLE_MODULES = YES;
				CLANG_ENABLE_OBJC_ARC = YES;
				CLANG_ENABLE_OBJC_WEAK = YES;
				CLANG_WARN_BLOCK_CAPTURE_AUTORELEASING = YES;
				CLANG_WARN_BOOL_CONVERSION = YES;
				CLANG_WARN_COMMA = YES;
				CLANG_WARN_CONSTANT_CONVERSION = YES;
				CLANG_WARN_DEPRECATED_OBJC_IMPLEMENTATIONS = YES;
				CLANG_WARN_DIRECT_OBJC_ISA_USAGE = YES_ERROR;
				CLANG_WARN_DOCUMENTATION_COMMENTS = YES;
				CLANG_WARN_EMPTY_BODY = YES;
				CLANG_WARN_ENUM_CONVERSION = YES;
				CLANG_WARN_INFINITE_RECURSION = YES;
				CLANG_WARN_INT_CONVERSION = YES;
				CLANG_WARN_NON_LITERAL_NULL_CONVERSION = YES;
				CLANG_WARN_OBJC_IMPLICIT_RETAIN_SELF = YES;
				CLANG_WARN_OBJC_LITERAL_CONVERSION = YES;
				CLANG_WARN_OBJC_ROOT_CLASS = YES_ERROR;
				CLANG_WARN_QUOTED_INCLUDE_IN_FRAMEWORK_HEADER = YES;
				CLANG_WARN_RANGE_LOOP_ANALYSIS = YES;
				CLANG_WARN_STRICT_PROTOTYPES = YES;
				CLANG_WARN_SUSPICIOUS_MOVE = YES;
				CLANG_WARN_UNGUARDED_AVAILABILITY = YES_AGGRESSIVE;
				CLANG_WARN_UNREACHABLE_CODE = YES;
				CLANG_WARN__DUPLICATE_METHOD_MATCH = YES;
				COPY_PHASE_STRIP = NO;
				DEBUG_INFORMATION_FORMAT = "dwarf-with-dsym";
				ENABLE_NS_ASSERTIONS = NO;
				ENABLE_STRICT_OBJC_MSGSEND = YES;
				GCC_C_LANGUAGE_STANDARD = gnu11;
				GCC_NO_COMMON_BLOCKS = YES;
				GCC_WARN_64_TO_32_BIT_CONVERSION = YES;
				GCC_WARN_ABOUT_RETURN_TYPE = YES_ERROR;
				GCC_WARN_UNDECLARED_SELECTOR = YES;
				GCC_WARN_UNINITIALIZED_AUTOS = YES_AGGRESSIVE;
				GCC_WARN_UNUSED_FUNCTION = YES;
				GCC_WARN_UNUSED_VARIABLE = YES;
				MACOSX_DEPLOYMENT_TARGET = 10.15;
				MTL_ENABLE_DEBUG_INFO = NO;
				MTL_FAST_MATH = YES;
				SDKROOT = macosx;
				SWIFT_COMPILATION_MODE = wholemodule;
				SWIFT_OPTIMIZATION_LEVEL = "-O";
			};
			name = Release;
		};
		19A634012614AC45008F0CAF /* Debug */ = {
			isa = XCBuildConfiguration;
			buildSettings = {
				CODE_SIGN_STYLE = Automatic;
				PRODUCT_NAME = "$(TARGET_NAME)";
				SWIFT_VERSION = 5.0;
			};
			name = Debug;
		};
		19A634022614AC45008F0CAF /* Release */ = {
			isa = XCBuildConfiguration;
			buildSettings = {
				CODE_SIGN_STYLE = Automatic;
				PRODUCT_NAME = "$(TARGET_NAME)";
				SWIFT_VERSION = 5.0;
			};
			name = Release;
		};
/* End XCBuildConfiguration section */

/* Begin XCConfigurationList section */
		19A633F42614AC45008F0CAF /* Build configuration list for PBXProject "codeDesign" */ = {
			isa = XCConfigurationList;
			buildConfigurations = (
				19A633FE2614AC45008F0CAF /* Debug */,
				19A633FF2614AC45008F0CAF /* Release */,
			);
			defaultConfigurationIsVisible = 0;
			defaultConfigurationName = Release;
		};
		19A634002614AC45008F0CAF /* Build configuration list for PBXNativeTarget "codeDesign" */ = {
			isa = XCConfigurationList;
			buildConfigurations = (
				19A634012614AC45008F0CAF /* Debug */,
				19A634022614AC45008F0CAF /* Release */,
			);
			defaultConfigurationIsVisible = 0;
			defaultConfigurationName = Release;
		};
/* End XCConfigurationList section */
	};
	rootObject = 19A633F12614AC45008F0CAF /* Project object */;
}
